
Microsoft Visual Studio Solution File, Format Version 12.00
# Visual Studio Version 17
VisualStudioVersion = 17.0.31903.59
MinimumVisualStudioVersion = 10.0.40219.1
Project("{FAE04EC0-301F-11D3-BF4B-00C04F79EFBC}") = "API", "API\API.csproj", "{20FB7D4C-AF13-4448-9EAA-4B5334562464}"
EndProject
Project("{FAE04EC0-301F-11D3-BF4B-00C04F79EFBC}") = "Core", "Core\Core.csproj", "{72F75009-68D3-4F83-ACF6-82840335A26A}"
EndProject
Project("{FAE04EC0-301F-11D3-BF4B-00C04F79EFBC}") = "Infrastructure", "Infrastructure\Infrastructure.csproj", "{DD867788-F846-468E-8BBD-4BED962D626C}"
EndProject
Global
	GlobalSection(SolutionConfigurationPlatforms) = preSolution
		Debug|Any CPU = Debug|Any CPU
		Debug|x64 = Debug|x64
		Debug|x86 = Debug|x86
		Release|Any CPU = Release|Any CPU
		Release|x64 = Release|x64
		Release|x86 = Release|x86
	EndGlobalSection
	GlobalSection(ProjectConfigurationPlatforms) = postSolution
		{20FB7D4C-AF13-4448-9EAA-4B5334562464}.Debug|Any CPU.ActiveCfg = Debug|Any CPU
		{20FB7D4C-AF13-4448-9EAA-4B5334562464}.Debug|Any CPU.Build.0 = Debug|Any CPU
		{20FB7D4C-AF13-4448-9EAA-4B5334562464}.Debug|x64.ActiveCfg = Debug|Any CPU
		{20FB7D4C-AF13-4448-9EAA-4B5334562464}.Debug|x64.Build.0 = Debug|Any CPU
		{20FB7D4C-AF13-4448-9EAA-4B5334562464}.Debug|x86.ActiveCfg = Debug|Any CPU
		{20FB7D4C-AF13-4448-9EAA-4B5334562464}.Debug|x86.Build.0 = Debug|Any CPU
		{20FB7D4C-AF13-4448-9EAA-4B5334562464}.Release|Any CPU.ActiveCfg = Release|Any CPU
		{20FB7D4C-AF13-4448-9EAA-4B5334562464}.Release|Any CPU.Build.0 = Release|Any CPU
		{20FB7D4C-AF13-4448-9EAA-4B5334562464}.Release|x64.ActiveCfg = Release|Any CPU
		{20FB7D4C-AF13-4448-9EAA-4B5334562464}.Release|x64.Build.0 = Release|Any CPU
		{20FB7D4C-AF13-4448-9EAA-4B5334562464}.Release|x86.ActiveCfg = Release|Any CPU
		{20FB7D4C-AF13-4448-9EAA-4B5334562464}.Release|x86.Build.0 = Release|Any CPU
		{72F75009-68D3-4F83-ACF6-82840335A26A}.Debug|Any CPU.ActiveCfg = Debug|Any CPU
		{72F75009-68D3-4F83-ACF6-82840335A26A}.Debug|Any CPU.Build.0 = Debug|Any CPU
		{72F75009-68D3-4F83-ACF6-82840335A26A}.Debug|x64.ActiveCfg = Debug|Any CPU
		{72F75009-68D3-4F83-ACF6-82840335A26A}.Debug|x64.Build.0 = Debug|Any CPU
		{72F75009-68D3-4F83-ACF6-82840335A26A}.Debug|x86.ActiveCfg = Debug|Any CPU
		{72F75009-68D3-4F83-ACF6-82840335A26A}.Debug|x86.Build.0 = Debug|Any CPU
		{72F75009-68D3-4F83-ACF6-82840335A26A}.Release|Any CPU.ActiveCfg = Release|Any CPU
		{72F75009-68D3-4F83-ACF6-82840335A26A}.Release|Any CPU.Build.0 = Release|Any CPU
		{72F75009-68D3-4F83-ACF6-82840335A26A}.Release|x64.ActiveCfg = Release|Any CPU
		{72F75009-68D3-4F83-ACF6-82840335A26A}.Release|x64.Build.0 = Release|Any CPU
		{72F75009-68D3-4F83-ACF6-82840335A26A}.Release|x86.ActiveCfg = Release|Any CPU
		{72F75009-68D3-4F83-ACF6-82840335A26A}.Release|x86.Build.0 = Release|Any CPU
		{DD867788-F846-468E-8BBD-4BED962D626C}.Debug|Any CPU.ActiveCfg = Debug|Any CPU
		{DD867788-F846-468E-8BBD-4BED962D626C}.Debug|Any CPU.Build.0 = Debug|Any CPU
		{DD867788-F846-468E-8BBD-4BED962D626C}.Debug|x64.ActiveCfg = Debug|Any CPU
		{DD867788-F846-468E-8BBD-4BED962D626C}.Debug|x64.Build.0 = Debug|Any CPU
		{DD867788-F846-468E-8BBD-4BED962D626C}.Debug|x86.ActiveCfg = Debug|Any CPU
		{DD867788-F846-468E-8BBD-4BED962D626C}.Debug|x86.Build.0 = Debug|Any CPU
		{DD867788-F846-468E-8BBD-4BED962D626C}.Release|Any CPU.ActiveCfg = Release|Any CPU
		{DD867788-F846-468E-8BBD-4BED962D626C}.Release|Any CPU.Build.0 = Release|Any CPU
		{DD867788-F846-468E-8BBD-4BED962D626C}.Release|x64.ActiveCfg = Release|Any CPU
		{DD867788-F846-468E-8BBD-4BED962D626C}.Release|x64.Build.0 = Release|Any CPU
		{DD867788-F846-468E-8BBD-4BED962D626C}.Release|x86.ActiveCfg = Release|Any CPU
		{DD867788-F846-468E-8BBD-4BED962D626C}.Release|x86.Build.0 = Release|Any CPU
	EndGlobalSection
	GlobalSection(SolutionProperties) = preSolution
		HideSolutionNode = FALSE
	EndGlobalSection
EndGlobal
